github.com/deckarep/golang-set/v2 v2.3.1 h1:vjmkvJt/IV27WXPyYQpAh4bRyWJc5Y435D17XQ9QU5A=
github.com/deckarep/golang-set/v2 v2.3.1/go.mod h1:VAky9rY/yGXJOLEDv3OMci+7wtDpOF4IN+y82NBOac4=
github.com/google/go-cmp v0.5.9 h1:O2Tfq5qg4qc4AmwVlvv0oLiVAGB7enBSJ2x2DqQFi38=
github.com/google/go-cmp v0.5.9/go.mod h1:17dUlkBOakJ0+DkrSSNjCkIjxS6bF9zb3elmeNGIjoY=
